
Microsoft Visual Studio Solution File, Format Version 12.00
# Visual Studio 14
VisualStudioVersion = 14.0.25123.0
MinimumVisualStudioVersion = 10.0.40219.1
Project("{FAE04EC0-301F-11D3-BF4B-00C04F79EFBC}") = "Manage", "Manage\Manage.csproj", "{BF76FC51-F8E0-459B-815F-E395C2A9ABD1}"
EndProject
Project("{2150E333-8FDC-42A3-9474-1A3956D46DE8}") = "UI", "UI", "{D4C64773-3B5B-43A0-89E5-E29C048876F7}"
EndProject
Project("{2150E333-8FDC-42A3-9474-1A3956D46DE8}") = "EFModel", "EFModel", "{55BC7BFA-66B5-4711-9E63-CEC89757A719}"
EndProject
Project("{FAE04EC0-301F-11D3-BF4B-00C04F79EFBC}") = "ManageEFModel", "ManageEFModel\ManageEFModel.csproj", "{7F64E787-AE1E-41A6-AB55-0396AC83180C}"
EndProject
Project("{2150E333-8FDC-42A3-9474-1A3956D46DE8}") = "Business", "Business", "{1632C241-E9E1-4904-8703-99810E9D079B}"
EndProject
Project("{FAE04EC0-301F-11D3-BF4B-00C04F79EFBC}") = "ManageBusiness", "ManageBusiness\ManageBusiness.csproj", "{81D8ED1D-32D6-449E-9A69-0DF7DC7EB161}"
EndProject
Project("{FAE04EC0-301F-11D3-BF4B-00C04F79EFBC}") = "Client", "Client\Client.csproj", "{EFD5A6E3-E951-4886-877C-3872A6A7F7D4}"
EndProject
Project("{FAE04EC0-301F-11D3-BF4B-00C04F79EFBC}") = "DBMiddleWareLib", "DBMiddleWareLib\DBMiddleWareLib.csproj", "{FAD8E9AF-E87D-45E3-99B8-CD3E3360B682}"
EndProject
Global
	GlobalSection(SolutionConfigurationPlatforms) = preSolution
		Debug|Any CPU = Debug|Any CPU
		Release|Any CPU = Release|Any CPU
	EndGlobalSection
	GlobalSection(ProjectConfigurationPlatforms) = postSolution
		{BF76FC51-F8E0-459B-815F-E395C2A9ABD1}.Debug|Any CPU.ActiveCfg = Debug|Any CPU
		{BF76FC51-F8E0-459B-815F-E395C2A9ABD1}.Debug|Any CPU.Build.0 = Debug|Any CPU
		{BF76FC51-F8E0-459B-815F-E395C2A9ABD1}.Release|Any CPU.ActiveCfg = Release|Any CPU
		{BF76FC51-F8E0-459B-815F-E395C2A9ABD1}.Release|Any CPU.Build.0 = Release|Any CPU
		{7F64E787-AE1E-41A6-AB55-0396AC83180C}.Debug|Any CPU.ActiveCfg = Debug|Any CPU
		{7F64E787-AE1E-41A6-AB55-0396AC83180C}.Debug|Any CPU.Build.0 = Debug|Any CPU
		{7F64E787-AE1E-41A6-AB55-0396AC83180C}.Release|Any CPU.ActiveCfg = Release|Any CPU
		{7F64E787-AE1E-41A6-AB55-0396AC83180C}.Release|Any CPU.Build.0 = Release|Any CPU
		{81D8ED1D-32D6-449E-9A69-0DF7DC7EB161}.Debug|Any CPU.ActiveCfg = Debug|Any CPU
		{81D8ED1D-32D6-449E-9A69-0DF7DC7EB161}.Debug|Any CPU.Build.0 = Debug|Any CPU
		{81D8ED1D-32D6-449E-9A69-0DF7DC7EB161}.Release|Any CPU.ActiveCfg = Release|Any CPU
		{81D8ED1D-32D6-449E-9A69-0DF7DC7EB161}.Release|Any CPU.Build.0 = Release|Any CPU
		{EFD5A6E3-E951-4886-877C-3872A6A7F7D4}.Debug|Any CPU.ActiveCfg = Debug|Any CPU
		{EFD5A6E3-E951-4886-877C-3872A6A7F7D4}.Debug|Any CPU.Build.0 = Debug|Any CPU
		{EFD5A6E3-E951-4886-877C-3872A6A7F7D4}.Release|Any CPU.ActiveCfg = Release|Any CPU
		{EFD5A6E3-E951-4886-877C-3872A6A7F7D4}.Release|Any CPU.Build.0 = Release|Any CPU
		{FAD8E9AF-E87D-45E3-99B8-CD3E3360B682}.Debug|Any CPU.ActiveCfg = Debug|Any CPU
		{FAD8E9AF-E87D-45E3-99B8-CD3E3360B682}.Debug|Any CPU.Build.0 = Debug|Any CPU
		{FAD8E9AF-E87D-45E3-99B8-CD3E3360B682}.Release|Any CPU.ActiveCfg = Release|Any CPU
		{FAD8E9AF-E87D-45E3-99B8-CD3E3360B682}.Release|Any CPU.Build.0 = Release|Any CPU
	EndGlobalSection
	GlobalSection(SolutionProperties) = preSolution
		HideSolutionNode = FALSE
	EndGlobalSection
	GlobalSection(NestedProjects) = preSolution
		{BF76FC51-F8E0-459B-815F-E395C2A9ABD1} = {D4C64773-3B5B-43A0-89E5-E29C048876F7}
		{7F64E787-AE1E-41A6-AB55-0396AC83180C} = {55BC7BFA-66B5-4711-9E63-CEC89757A719}
		{81D8ED1D-32D6-449E-9A69-0DF7DC7EB161} = {1632C241-E9E1-4904-8703-99810E9D079B}
		{EFD5A6E3-E951-4886-877C-3872A6A7F7D4} = {D4C64773-3B5B-43A0-89E5-E29C048876F7}
		{FAD8E9AF-E87D-45E3-99B8-CD3E3360B682} = {55BC7BFA-66B5-4711-9E63-CEC89757A719}
	EndGlobalSection
EndGlobal
